{
  "name": "node-starter",
  "lockfileVersion": 2,
  "requires": true,
  "packages": {
    "": {
      "name": "node-starter",
      "dependencies": {
        "reverse-string": "^0.0.6"
      }
    },
    "node_modules/reverse-string": {
      "version": "0.0.6",
      "resolved": "https://registry.npmjs.org/reverse-string/-/reverse-string-0.0.6.tgz",
      "integrity": "sha512-VO0eSW+fTbc6xXimk5O5IiOyRp8VNB7WH0CMCjmuSSUbZDcO5ry9Hp7EziRDy0i8LWTR3luYKfE2KuBTWQbWtQ==",
      "engines": {
        "node": ">=0.10.0"
      }
    }
  },
  "dependencies": {
    "reverse-string": {
      "version": "0.0.6",
      "resolved": "https://registry.npmjs.org/reverse-string/-/reverse-string-0.0.6.tgz",
      "integrity": "sha512-VO0eSW+fTbc6xXimk5O5IiOyRp8VNB7WH0CMCjmuSSUbZDcO5ry9Hp7EziRDy0i8LWTR3luYKfE2KuBTWQbWtQ=="
    }
  }
}
